
Microsoft Visual Studio Solution File, Format Version 12.00
# Visual Studio Version 16
VisualStudioVersion = 25.0.1705.6
MinimumVisualStudioVersion = 10.0.40219.1
Project("{FAE04EC0-301F-11D3-BF4B-00C04F79EFBC}") = "API", "API\API.csproj", "{A900EBA9-2518-4B42-9D72-C9FAF7D790E0}"
EndProject
Global
	GlobalSection(SolutionConfigurationPlatforms) = preSolution
		Debug|Any CPU = Debug|Any CPU
		Release|Any CPU = Release|Any CPU
	EndGlobalSection
	GlobalSection(ProjectConfigurationPlatforms) = postSolution
		{A900EBA9-2518-4B42-9D72-C9FAF7D790E0}.Debug|Any CPU.ActiveCfg = Debug|Any CPU
		{A900EBA9-2518-4B42-9D72-C9FAF7D790E0}.Debug|Any CPU.Build.0 = Debug|Any CPU
		{A900EBA9-2518-4B42-9D72-C9FAF7D790E0}.Release|Any CPU.ActiveCfg = Release|Any CPU
		{A900EBA9-2518-4B42-9D72-C9FAF7D790E0}.Release|Any CPU.Build.0 = Release|Any CPU
	EndGlobalSection
	GlobalSection(SolutionProperties) = preSolution
		HideSolutionNode = FALSE
	EndGlobalSection
	GlobalSection(ExtensibilityGlobals) = postSolution
		SolutionGuid = {1623AC4C-9239-452B-B0ED-343AEF271D73}
	EndGlobalSection
EndGlobal
